github.com/davecgh/go-spew v1.1.1 h1:vj9j/u1bqnvCEfJOwUhtlOARqs3+rkHYY13jYWTU97c=
github.com/davecgh/go-spew v1.1.1/go.mod h1:J7Y8YcW2NihsgmVo/mv3lAwl/skON4iLHjSsI+c5H38=
github.com/google/go-cmp v0.6.0 h1:ofyhxvXcZhMsU5ulbFiLKl/XBFqE1GSq7atu8tAmTRI=
github.com/google/go-cmp v0.6.0/go.mod h1:17dUlkBOakJ0+DkrSSNjCkIjxS6bF9zb3elmeNGIjoY=
github.com/google/uuid v1.6.0 h1:NIvaJDMOsjHA8n1jAhLSgzrAzy1Hgr+hNrb57e+94F0=
github.com/google/uuid v1.6.0/go.mod h1:TIyPZe4MgqvfeYDBFedMoGGpEw/LqOeaOT+nhxU+yHo=
github.com/joho/godotenv v1.5.1 h1:7eLL/+HRGLY0ldzfGMeQkb7vMd0as4CfYvUVzLqw0N0=
github.com/joho/godotenv v1.5.1/go.mod h1:f4LDr5Voq0i2e/R5DDNOoa2zzDfwtkZa6DnEwAbqwq4=
github.com/ollama/ollama v0.5.5 h1:/L4qt66ESqlT4cnwaX0SKmg+JkVCMEHtoXH7MpADAq8=
github.com/ollama/ollama v0.5.5/go.mod h1:x7Jfo4Kgmp98pe5PwtZQr/9vCt9HM52PaHZ38MzdA/A=
github.com/pmezard/go-difflib v1.0.0 h1:4DBwDE0NGyQoBHbLQYPwSUPoCMWR5BEzIk/f1lZbAQM=
github.com/pmezard/go-difflib v1.0.0/go.mod h1:iKH77koFhYxTK1pcRnkKkqfTogsbg7gZNVY4sRDYZ/4=
github.com/sea-monkeys/artemia v0.0.0 h1:RyRCq33f5nInnN7xsmqZwTPyihdELo81dO8hvTfdYik=
github.com/sea-monkeys/artemia v0.0.0/go.mod h1:BY5pAPG+YwIn1j7sGMOZJyQLIvKKkIipeXOm/Ok2Mx0=
github.com/sea-monkeys/asellus v0.0.1 h1:8xImc9uU6OvA1qUb24f2tMcov4qp9vUnETDS/OSs3HU=
github.com/sea-monkeys/asellus v0.0.1/go.mod h1:Htq42QSp36+XgCWERVC3CPVHuNOsxVucrkVfjS9yP5U=
github.com/sea-monkeys/daphnia v0.0.3 h1:8KCJAfifvLqQkjniVJs7KP7/4X+VJd1YvusBzsxHcZk=
github.com/sea-monkeys/daphnia v0.0.3/go.mod h1:bc+z4g+EBvEfMH44lG4nYaWYigZReqltf7vGJyz466c=
github.com/stretchr/testify v1.10.0 h1:Xv5erBjTwe/5IxqUQTdXv5kgmIvbHo3QQyRwhJsOfJA=
github.com/stretchr/testify v1.10.0/go.mod h1:r2ic/lqez/lEtzL7wO/rwa5dbSLXVDPFyf8C91i36aY=
gopkg.in/yaml.v3 v3.0.1 h1:fxVm/GzAzEWqLHuvctI91KS9hhNmmWOoWu0XTYJS7CA=
gopkg.in/yaml.v3 v3.0.1/go.mod h1:K4uyk7z7BCEPqu6E+C64Yfv1cQ7kz7rIZviUmN+EgEM=
